
Microsoft Visual Studio Solution File, Format Version 12.00
# Visual Studio 15
VisualStudioVersion = 15.0.28010.2026
MinimumVisualStudioVersion = 10.0.40219.1
Project("{FAE04EC0-301F-11D3-BF4B-00C04F79EFBC}") = "WebAPITest", "WebAPITest\WebAPITest.csproj", "{5C8185C1-0D79-4A56-86C3-656341A1F785}"
EndProject
Global
	GlobalSection(SolutionConfigurationPlatforms) = preSolution
		Debug|Any CPU = Debug|Any CPU
		Release|Any CPU = Release|Any CPU
	EndGlobalSection
	GlobalSection(ProjectConfigurationPlatforms) = postSolution
		{5C8185C1-0D79-4A56-86C3-656341A1F785}.Debug|Any CPU.ActiveCfg = Debug|Any CPU
		{5C8185C1-0D79-4A56-86C3-656341A1F785}.Debug|Any CPU.Build.0 = Debug|Any CPU
		{5C8185C1-0D79-4A56-86C3-656341A1F785}.Release|Any CPU.ActiveCfg = Release|Any CPU
		{5C8185C1-0D79-4A56-86C3-656341A1F785}.Release|Any CPU.Build.0 = Release|Any CPU
	EndGlobalSection
	GlobalSection(SolutionProperties) = preSolution
		HideSolutionNode = FALSE
	EndGlobalSection
	GlobalSection(ExtensibilityGlobals) = postSolution
		SolutionGuid = {7E4F0627-7584-4DF3-8CB6-3F866CF358B0}
	EndGlobalSection
EndGlobal
